
Microsoft Visual Studio Solution File, Format Version 12.00
# Visual Studio Version 17
VisualStudioVersion = 17.5.33516.290
MinimumVisualStudioVersion = 10.0.40219.1
Project("{FAE04EC0-301F-11D3-BF4B-00C04F79EFBC}") = "Examen", "Examen.csproj", "{D2E443E5-A447-4E64-A444-D934D98CD55E}"
EndProject
Global
	GlobalSection(SolutionConfigurationPlatforms) = preSolution
		Debug|Any CPU = Debug|Any CPU
		Release|Any CPU = Release|Any CPU
	EndGlobalSection
	GlobalSection(ProjectConfigurationPlatforms) = postSolution
		{D2E443E5-A447-4E64-A444-D934D98CD55E}.Debug|Any CPU.ActiveCfg = Debug|Any CPU
		{D2E443E5-A447-4E64-A444-D934D98CD55E}.Debug|Any CPU.Build.0 = Debug|Any CPU
		{D2E443E5-A447-4E64-A444-D934D98CD55E}.Release|Any CPU.ActiveCfg = Release|Any CPU
		{D2E443E5-A447-4E64-A444-D934D98CD55E}.Release|Any CPU.Build.0 = Release|Any CPU
	EndGlobalSection
	GlobalSection(SolutionProperties) = preSolution
		HideSolutionNode = FALSE
	EndGlobalSection
	GlobalSection(ExtensibilityGlobals) = postSolution
		SolutionGuid = {316270F0-3900-4977-91F5-9F83E97C9818}
	EndGlobalSection
EndGlobal
